
Microsoft Visual Studio Solution File, Format Version 12.00
# Visual Studio Version 16
VisualStudioVersion = 16.0.30907.101
MinimumVisualStudioVersion = 10.0.40219.1
Project("{FAE04EC0-301F-11D3-BF4B-00C04F79EFBC}") = "mapDownloader11", "mapDownloader11.csproj", "{F60A4407-970B-47CF-AA40-111AC21AE1A6}"
EndProject
Global
	GlobalSection(SolutionConfigurationPlatforms) = preSolution
		Debug|Any CPU = Debug|Any CPU
		Release|Any CPU = Release|Any CPU
	EndGlobalSection
	GlobalSection(ProjectConfigurationPlatforms) = postSolution
		{F60A4407-970B-47CF-AA40-111AC21AE1A6}.Debug|Any CPU.ActiveCfg = Debug|Any CPU
		{F60A4407-970B-47CF-AA40-111AC21AE1A6}.Debug|Any CPU.Build.0 = Debug|Any CPU
		{F60A4407-970B-47CF-AA40-111AC21AE1A6}.Release|Any CPU.ActiveCfg = Release|Any CPU
		{F60A4407-970B-47CF-AA40-111AC21AE1A6}.Release|Any CPU.Build.0 = Release|Any CPU
	EndGlobalSection
	GlobalSection(SolutionProperties) = preSolution
		HideSolutionNode = FALSE
	EndGlobalSection
	GlobalSection(ExtensibilityGlobals) = postSolution
		SolutionGuid = {4A29E239-CE6B-44C4-9457-CD55CCF3B51F}
	EndGlobalSection
EndGlobal
