
Microsoft Visual Studio Solution File, Format Version 12.00
# Visual Studio Version 16
VisualStudioVersion = 16.0.30907.101
MinimumVisualStudioVersion = 10.0.40219.1
Project("{FAE04EC0-301F-11D3-BF4B-00C04F79EFBC}") = "MapDownloader7", "MapDownloader7.csproj", "{4D8375FF-845A-4624-9365-93A93DF22780}"
EndProject
Global
	GlobalSection(SolutionConfigurationPlatforms) = preSolution
		Debug|Any CPU = Debug|Any CPU
		Release|Any CPU = Release|Any CPU
	EndGlobalSection
	GlobalSection(ProjectConfigurationPlatforms) = postSolution
		{4D8375FF-845A-4624-9365-93A93DF22780}.Debug|Any CPU.ActiveCfg = Debug|Any CPU
		{4D8375FF-845A-4624-9365-93A93DF22780}.Debug|Any CPU.Build.0 = Debug|Any CPU
		{4D8375FF-845A-4624-9365-93A93DF22780}.Release|Any CPU.ActiveCfg = Release|Any CPU
		{4D8375FF-845A-4624-9365-93A93DF22780}.Release|Any CPU.Build.0 = Release|Any CPU
	EndGlobalSection
	GlobalSection(SolutionProperties) = preSolution
		HideSolutionNode = FALSE
	EndGlobalSection
	GlobalSection(ExtensibilityGlobals) = postSolution
		SolutionGuid = {756D2DD6-6706-4FDC-9055-AB5806748C6A}
	EndGlobalSection
EndGlobal
