
Microsoft Visual Studio Solution File, Format Version 12.00
# Visual Studio Version 16
VisualStudioVersion = 16.0.30907.101
MinimumVisualStudioVersion = 10.0.40219.1
Project("{FAE04EC0-301F-11D3-BF4B-00C04F79EFBC}") = "ConsoleApp1", "ConsoleApp1.csproj", "{83BDEAA1-4297-4BDE-A0DC-7901BFD3AED7}"
EndProject
Global
	GlobalSection(SolutionConfigurationPlatforms) = preSolution
		Debug|Any CPU = Debug|Any CPU
		Release|Any CPU = Release|Any CPU
	EndGlobalSection
	GlobalSection(ProjectConfigurationPlatforms) = postSolution
		{83BDEAA1-4297-4BDE-A0DC-7901BFD3AED7}.Debug|Any CPU.ActiveCfg = Debug|Any CPU
		{83BDEAA1-4297-4BDE-A0DC-7901BFD3AED7}.Debug|Any CPU.Build.0 = Debug|Any CPU
		{83BDEAA1-4297-4BDE-A0DC-7901BFD3AED7}.Release|Any CPU.ActiveCfg = Release|Any CPU
		{83BDEAA1-4297-4BDE-A0DC-7901BFD3AED7}.Release|Any CPU.Build.0 = Release|Any CPU
	EndGlobalSection
	GlobalSection(SolutionProperties) = preSolution
		HideSolutionNode = FALSE
	EndGlobalSection
	GlobalSection(ExtensibilityGlobals) = postSolution
		SolutionGuid = {91FA1BB7-A6B7-4D80-8A11-609E62773402}
	EndGlobalSection
EndGlobal
